
Microsoft Visual Studio Solution File, Format Version 12.00
# Visual Studio Version 17
VisualStudioVersion = 17.7.34302.85
MinimumVisualStudioVersion = 10.0.40219.1
Project("{9A19103F-16F7-4668-BE54-9A1E7A4F7556}") = "NZWalks.API", "NZWalks.API\NZWalks.API.csproj", "{83001EDF-7514-470D-AEE3-BE13B1C61FA2}"
EndProject
Project("{FAE04EC0-301F-11D3-BF4B-00C04F79EFBC}") = "NZWalks.UI", "NZWalks.UI\NZWalks.UI.csproj", "{B75AE48A-85A6-403E-96CD-06DAFF1152DC}"
EndProject
Global
	GlobalSection(SolutionConfigurationPlatforms) = preSolution
		Debug|Any CPU = Debug|Any CPU
		Release|Any CPU = Release|Any CPU
	EndGlobalSection
	GlobalSection(ProjectConfigurationPlatforms) = postSolution
		{83001EDF-7514-470D-AEE3-BE13B1C61FA2}.Debug|Any CPU.ActiveCfg = Debug|Any CPU
		{83001EDF-7514-470D-AEE3-BE13B1C61FA2}.Debug|Any CPU.Build.0 = Debug|Any CPU
		{83001EDF-7514-470D-AEE3-BE13B1C61FA2}.Release|Any CPU.ActiveCfg = Release|Any CPU
		{83001EDF-7514-470D-AEE3-BE13B1C61FA2}.Release|Any CPU.Build.0 = Release|Any CPU
		{B75AE48A-85A6-403E-96CD-06DAFF1152DC}.Debug|Any CPU.ActiveCfg = Debug|Any CPU
		{B75AE48A-85A6-403E-96CD-06DAFF1152DC}.Debug|Any CPU.Build.0 = Debug|Any CPU
		{B75AE48A-85A6-403E-96CD-06DAFF1152DC}.Release|Any CPU.ActiveCfg = Release|Any CPU
		{B75AE48A-85A6-403E-96CD-06DAFF1152DC}.Release|Any CPU.Build.0 = Release|Any CPU
	EndGlobalSection
	GlobalSection(SolutionProperties) = preSolution
		HideSolutionNode = FALSE
	EndGlobalSection
	GlobalSection(ExtensibilityGlobals) = postSolution
		SolutionGuid = {4F40FD3C-E819-44C1-8F4F-F5A55DFB1052}
	EndGlobalSection
EndGlobal
